// !$*UTF8*$!
{
	archiveVersion = 1;
	classes = {
	};
	objectVersion = 46;
	objects = {

/* Begin PBXBuildFile section */
		151C80397E3FD5BE45E177B7 /* Pods_Login.framework in Frameworks */ = {isa = PBXBuildFile; fileRef = 02B9AF119459DF1A15E1311B /* Pods_Login.framework */; };
		AC48E8BE20125C1000B1F4D2 /* RoundButton.swift in Sources */ = {isa = PBXBuildFile; fileRef = AC48E8BD20125C1000B1F4D2 /* RoundButton.swift */; };
		AC48E8C120126FF000B1F4D2 /* AuthService.swift in Sources */ = {isa = PBXBuildFile; fileRef = AC48E8C020126FF000B1F4D2 /* AuthService.swift */; };
		AC73C91D2016873B00C282A0 /* SignUpVC.swift in Sources */ = {isa = PBXBuildFile; fileRef = AC73C91C2016873B00C282A0 /* SignUpVC.swift */; };
		AC7CBB08201118EF0031C119 /* AppDelegate.swift in Sources */ = {isa = PBXBuildFile; fileRef = AC7CBB07201118EF0031C119 /* AppDelegate.swift */; };
		AC7CBB0A201118EF0031C119 /* LoginVC.swift in Sources */ = {isa = PBXBuildFile; fileRef = AC7CBB09201118EF0031C119 /* LoginVC.swift */; };
		AC7CBB0D201118EF0031C119 /* Main.storyboard in Resources */ = {isa = PBXBuildFile; fileRef = AC7CBB0B201118EF0031C119 /* Main.storyboard */; };
		AC7CBB0F201118EF0031C119 /* Assets.xcassets in Resources */ = {isa = PBXBuildFile; fileRef = AC7CBB0E201118EF0031C119 /* Assets.xcassets */; };
		AC7CBB12201118EF0031C119 /* LaunchScreen.storyboard in Resources */ = {isa = PBXBuildFile; fileRef = AC7CBB10201118EF0031C119 /* LaunchScreen.storyboard */; };
		AC7CBB1A201120CC0031C119 /* GoogleService-Info.plist in Resources */ = {isa = PBXBuildFile; fileRef = AC7CBB19201120CC0031C119 /* GoogleService-Info.plist */; };
		AC7CBB1F20112CD60031C119 /* RoundTextField.swift in Sources */ = {isa = PBXBuildFile; fileRef = AC7CBB1E20112CD60031C119 /* RoundTextField.swift */; };
		ACB7CBA6201A4228001E1F61 /* DataService.swift in Sources */ = {isa = PBXBuildFile; fileRef = ACB7CBA5201A4228001E1F61 /* DataService.swift */; };
		ACC1D3CC2020CBB6006A044E /* NewsFeedVC.swift in Sources */ = {isa = PBXBuildFile; fileRef = ACC1D3CB2020CBB5006A044E /* NewsFeedVC.swift */; };
		ACF574AB2019073700F76478 /* Constants.swift in Sources */ = {isa = PBXBuildFile; fileRef = ACF574AA2019073600F76478 /* Constants.swift */; };
/* End PBXBuildFile section */

/* Begin PBXFileReference section */
		02B9AF119459DF1A15E1311B /* Pods_Login.framework */ = {isa = PBXFileReference; explicitFileType = wrapper.framework; includeInIndex = 0; path = Pods_Login.framework; sourceTree = BUILT_PRODUCTS_DIR; };
		1E535DFBC5D0F1E0DFDA5E7A /* Pods-Login.release.xcconfig */ = {isa = PBXFileReference; includeInIndex = 1; lastKnownFileType = text.xcconfig; name = "Pods-Login.release.xcconfig"; path = "Pods/Target Support Files/Pods-Login/Pods-Login.release.xcconfig"; sourceTree = "<group>"; };
		98BB229351E8BF4F0BAFBE13 /* Pods-Login.debug.xcconfig */ = {isa = PBXFileReference; includeInIndex = 1; lastKnownFileType = text.xcconfig; name = "Pods-Login.debug.xcconfig"; path = "Pods/Target Support Files/Pods-Login/Pods-Login.debug.xcconfig"; sourceTree = "<group>"; };
		AC48E8BD20125C1000B1F4D2 /* RoundButton.swift */ = {isa = PBXFileReference; fileEncoding = 4; lastKnownFileType = sourcecode.swift; path = RoundButton.swift; sourceTree = "<group>"; };
		AC48E8C020126FF000B1F4D2 /* AuthService.swift */ = {isa = PBXFileReference; fileEncoding = 4; lastKnownFileType = sourcecode.swift; path = AuthService.swift; sourceTree = "<group>"; };
		AC73C91C2016873B00C282A0 /* SignUpVC.swift */ = {isa = PBXFileReference; fileEncoding = 4; lastKnownFileType = sourcecode.swift; path = SignUpVC.swift; sourceTree = "<group>"; };
		AC7CBB04201118EF0031C119 /* Login.app */ = {isa = PBXFileReference; explicitFileType = wrapper.application; includeInIndex = 0; path = Login.app; sourceTree = BUILT_PRODUCTS_DIR; };
		AC7CBB07201118EF0031C119 /* AppDelegate.swift */ = {isa = PBXFileReference; lastKnownFileType = sourcecode.swift; path = AppDelegate.swift; sourceTree = "<group>"; };
		AC7CBB09201118EF0031C119 /* LoginVC.swift */ = {isa = PBXFileReference; lastKnownFileType = sourcecode.swift; path = LoginVC.swift; sourceTree = "<group>"; };
		AC7CBB0C201118EF0031C119 /* Base */ = {isa = PBXFileReference; lastKnownFileType = file.storyboard; name = Base; path = Base.lproj/Main.storyboard; sourceTree = "<group>"; };
		AC7CBB0E201118EF0031C119 /* Assets.xcassets */ = {isa = PBXFileReference; lastKnownFileType = folder.assetcatalog; path = Assets.xcassets; sourceTree = "<group>"; };
		AC7CBB11201118EF0031C119 /* Base */ = {isa = PBXFileReference; lastKnownFileType = file.storyboard; name = Base; path = Base.lproj/LaunchScreen.storyboard; sourceTree = "<group>"; };
		AC7CBB13201118EF0031C119 /* Info.plist */ = {isa = PBXFileReference; lastKnownFileType = text.plist.xml; path = Info.plist; sourceTree = "<group>"; };
		AC7CBB19201120CC0031C119 /* GoogleService-Info.plist */ = {isa = PBXFileReference; fileEncoding = 4; lastKnownFileType = text.plist.xml; path = "GoogleService-Info.plist"; sourceTree = "<group>"; };
		AC7CBB1E20112CD60031C119 /* RoundTextField.swift */ = {isa = PBXFileReference; fileEncoding = 4; lastKnownFileType = sourcecode.swift; path = RoundTextField.swift; sourceTree = "<group>"; };
		AC959E3E2028D0B500C6EC10 /* Login.entitlements */ = {isa = PBXFileReference; lastKnownFileType = text.plist.entitlements; path = Login.entitlements; sourceTree = "<group>"; };
		ACB7CBA5201A4228001E1F61 /* DataService.swift */ = {isa = PBXFileReference; fileEncoding = 4; lastKnownFileType = sourcecode.swift; path = DataService.swift; sourceTree = "<group>"; };
		ACC1D3CB2020CBB5006A044E /* NewsFeedVC.swift */ = {isa = PBXFileReference; fileEncoding = 4; lastKnownFileType = sourcecode.swift; path = NewsFeedVC.swift; sourceTree = "<group>"; };
		ACF574AA2019073600F76478 /* Constants.swift */ = {isa = PBXFileReference; fileEncoding = 4; lastKnownFileType = sourcecode.swift; path = Constants.swift; sourceTree = "<group>"; };
/* End PBXFileReference section */

/* Begin PBXFrameworksBuildPhase section */
		AC7CBB01201118EE0031C119 /* Frameworks */ = {
			isa = PBXFrameworksBuildPhase;
			buildActionMask = 2147483647;
			files = (
				151C80397E3FD5BE45E177B7 /* Pods_Login.framework in Frameworks */,
			);
			runOnlyForDeploymentPostprocessing = 0;
		};
/* End PBXFrameworksBuildPhase section */

/* Begin PBXGroup section */
		33E45F9E99DEAE8C607D1943 /* Frameworks */ = {
			isa = PBXGroup;
			children = (
				02B9AF119459DF1A15E1311B /* Pods_Login.framework */,
			);
			name = Frameworks;
			sourceTree = "<group>";
		};
		AC48E8BF20126F9300B1F4D2 /* Services */ = {
			isa = PBXGroup;
			children = (
				AC48E8C020126FF000B1F4D2 /* AuthService.swift */,
				ACB7CBA5201A4228001E1F61 /* DataService.swift */,
			);
			name = Services;
			sourceTree = "<group>";
		};
		AC7CBAFB201118EE0031C119 = {
			isa = PBXGroup;
			children = (
				AC7CBB06201118EF0031C119 /* Login */,
				AC7CBB05201118EF0031C119 /* Products */,
				E6B4C86861F994DFBD5A4EE4 /* Pods */,
				33E45F9E99DEAE8C607D1943 /* Frameworks */,
			);
			sourceTree = "<group>";
		};
		AC7CBB05201118EF0031C119 /* Products */ = {
			isa = PBXGroup;
			children = (
				AC7CBB04201118EF0031C119 /* Login.app */,
			);
			name = Products;
			sourceTree = "<group>";
		};
		AC7CBB06201118EF0031C119 /* Login */ = {
			isa = PBXGroup;
			children = (
				AC959E3E2028D0B500C6EC10 /* Login.entitlements */,
				AC7CBB1D201120E70031C119 /* Model */,
				AC7CBB1C201120E10031C119 /* View */,
				AC7CBB1B201120D90031C119 /* Controller */,
				AC48E8BF20126F9300B1F4D2 /* Services */,
				ACF574A9201906FA00F76478 /* Util */,
				AC7CBB07201118EF0031C119 /* AppDelegate.swift */,
				AC7CBB0B201118EF0031C119 /* Main.storyboard */,
				AC7CBB0E201118EF0031C119 /* Assets.xcassets */,
				AC7CBB10201118EF0031C119 /* LaunchScreen.storyboard */,
				AC7CBB13201118EF0031C119 /* Info.plist */,
				AC7CBB19201120CC0031C119 /* GoogleService-Info.plist */,
			);
			path = Login;
			sourceTree = "<group>";
		};
		AC7CBB1B201120D90031C119 /* Controller */ = {
			isa = PBXGroup;
			children = (
				AC7CBB09201118EF0031C119 /* LoginVC.swift */,
				AC73C91C2016873B00C282A0 /* SignUpVC.swift */,
				ACC1D3CB2020CBB5006A044E /* NewsFeedVC.swift */,
			);
			name = Controller;
			sourceTree = "<group>";
		};
		AC7CBB1C201120E10031C119 /* View */ = {
			isa = PBXGroup;
			children = (
				AC7CBB1E20112CD60031C119 /* RoundTextField.swift */,
				AC48E8BD20125C1000B1F4D2 /* RoundButton.swift */,
			);
			name = View;
			sourceTree = "<group>";
		};
		AC7CBB1D201120E70031C119 /* Model */ = {
			isa = PBXGroup;
			children = (
			);
			name = Model;
			sourceTree = "<group>";
		};
		ACF574A9201906FA00F76478 /* Util */ = {
			isa = PBXGroup;
			children = (
				ACF574AA2019073600F76478 /* Constants.swift */,
			);
			name = Util;
			sourceTree = "<group>";
		};
		E6B4C86861F994DFBD5A4EE4 /* Pods */ = {
			isa = PBXGroup;
			children = (
				98BB229351E8BF4F0BAFBE13 /* Pods-Login.debug.xcconfig */,
				1E535DFBC5D0F1E0DFDA5E7A /* Pods-Login.release.xcconfig */,
			);
			name = Pods;
			sourceTree = "<group>";
		};
/* End PBXGroup section */

/* Begin PBXNativeTarget section */
		AC7CBB03201118EE0031C119 /* Login */ = {
			isa = PBXNativeTarget;
			buildConfigurationList = AC7CBB16201118EF0031C119 /* Build configuration list for PBXNativeTarget "Login" */;
			buildPhases = (
				83501D82049282CF693DB1A9 /* [CP] Check Pods Manifest.lock */,
				AC7CBB00201118EE0031C119 /* Sources */,
				AC7CBB01201118EE0031C119 /* Frameworks */,
				AC7CBB02201118EE0031C119 /* Resources */,
				6672777517AEC92360409ECC /* [CP] Embed Pods Frameworks */,
				088720F1B19D3B4C3018F666 /* [CP] Copy Pods Resources */,
			);
			buildRules = (
			);
			dependencies = (
			);
			name = Login;
			productName = Login;
			productReference = AC7CBB04201118EF0031C119 /* Login.app */;
			productType = "com.apple.product-type.application";
		};
/* End PBXNativeTarget section */

/* Begin PBXProject section */
		AC7CBAFC201118EE0031C119 /* Project object */ = {
			isa = PBXProject;
			attributes = {
				LastSwiftUpdateCheck = 0820;
				LastUpgradeCheck = 0820;
				ORGANIZATIONNAME = Fareen;
				TargetAttributes = {
					AC7CBB03201118EE0031C119 = {
						CreatedOnToolsVersion = 8.2.1;
						DevelopmentTeam = 3T65P76DUE;
						ProvisioningStyle = Automatic;
						SystemCapabilities = {
							com.apple.Keychain = {
								enabled = 1;
							};
						};
					};
				};
			};
			buildConfigurationList = AC7CBAFF201118EE0031C119 /* Build configuration list for PBXProject "Login" */;
			compatibilityVersion = "Xcode 3.2";
			developmentRegion = English;
			hasScannedForEncodings = 0;
			knownRegions = (
				en,
				Base,
			);
			mainGroup = AC7CBAFB201118EE0031C119;
			productRefGroup = AC7CBB05201118EF0031C119 /* Products */;
			projectDirPath = "";
			projectRoot = "";
			targets = (
				AC7CBB03201118EE0031C119 /* Login */,
			);
		};
/* End PBXProject section */

/* Begin PBXResourcesBuildPhase section */
		AC7CBB02201118EE0031C119 /* Resources */ = {
			isa = PBXResourcesBuildPhase;
			buildActionMask = 2147483647;
			files = (
				AC7CBB12201118EF0031C119 /* LaunchScreen.storyboard in Resources */,
				AC7CBB1A201120CC0031C119 /* GoogleService-Info.plist in Resources */,
				AC7CBB0F201118EF0031C119 /* Assets.xcassets in Resources */,
				AC7CBB0D201118EF0031C119 /* Main.storyboard in Resources */,
			);
			runOnlyForDeploymentPostprocessing = 0;
		};
/* End PBXResourcesBuildPhase section */

/* Begin PBXShellScriptBuildPhase section */
		088720F1B19D3B4C3018F666 /* [CP] Copy Pods Resources */ = {
			isa = PBXShellScriptBuildPhase;
			buildActionMask = 2147483647;
			files = (
			);
			inputPaths = (
			);
			name = "[CP] Copy Pods Resources";
			outputPaths = (
			);
			runOnlyForDeploymentPostprocessing = 0;
			shellPath = /bin/sh;
			shellScript = "\"${SRCROOT}/Pods/Target Support Files/Pods-Login/Pods-Login-resources.sh\"\n";
			showEnvVarsInLog = 0;
		};
		6672777517AEC92360409ECC /* [CP] Embed Pods Frameworks */ = {
			isa = PBXShellScriptBuildPhase;
			buildActionMask = 2147483647;
			files = (
			);
			inputPaths = (
				"${SRCROOT}/Pods/Target Support Files/Pods-Login/Pods-Login-frameworks.sh",
				"${BUILT_PRODUCTS_DIR}/GTMSessionFetcher/GTMSessionFetcher.framework",
				"${BUILT_PRODUCTS_DIR}/GoogleToolboxForMac/GoogleToolboxForMac.framework",
				"${BUILT_PRODUCTS_DIR}/SwiftKeychainWrapper/SwiftKeychainWrapper.framework",
				"${BUILT_PRODUCTS_DIR}/leveldb-library/leveldb.framework",
				"${BUILT_PRODUCTS_DIR}/nanopb/nanopb.framework",
			);
			name = "[CP] Embed Pods Frameworks";
			outputPaths = (
				"${TARGET_BUILD_DIR}/${FRAMEWORKS_FOLDER_PATH}/GTMSessionFetcher.framework",
				"${TARGET_BUILD_DIR}/${FRAMEWORKS_FOLDER_PATH}/GoogleToolboxForMac.framework",
				"${TARGET_BUILD_DIR}/${FRAMEWORKS_FOLDER_PATH}/SwiftKeychainWrapper.framework",
				"${TARGET_BUILD_DIR}/${FRAMEWORKS_FOLDER_PATH}/leveldb.framework",
				"${TARGET_BUILD_DIR}/${FRAMEWORKS_FOLDER_PATH}/nanopb.framework",
			);
			runOnlyForDeploymentPostprocessing = 0;
			shellPath = /bin/sh;
			shellScript = "\"${SRCROOT}/Pods/Target Support Files/Pods-Login/Pods-Login-frameworks.sh\"\n";
			showEnvVarsInLog = 0;
		};
		83501D82049282CF693DB1A9 /* [CP] Check Pods Manifest.lock */ = {
			isa = PBXShellScriptBuildPhase;
			buildActionMask = 2147483647;
			files = (
			);
			inputPaths = (
				"${PODS_PODFILE_DIR_PATH}/Podfile.lock",
				"${PODS_ROOT}/Manifest.lock",
			);
			name = "[CP] Check Pods Manifest.lock";
			outputPaths = (
				"$(DERIVED_FILE_DIR)/Pods-Login-checkManifestLockResult.txt",
			);
			runOnlyForDeploymentPostprocessing = 0;
			shellPath = /bin/sh;
			shellScript = "diff \"${PODS_PODFILE_DIR_PATH}/Podfile.lock\" \"${PODS_ROOT}/Manifest.lock\" > /dev/null\nif [ $? != 0 ] ; then\n    # print error to STDERR\n    echo \"error: The sandbox is not in sync with the Podfile.lock. Run 'pod install' or update your CocoaPods installation.\" >&2\n    exit 1\nfi\n# This output is used by Xcode 'outputs' to avoid re-running this script phase.\necho \"SUCCESS\" > \"${SCRIPT_OUTPUT_FILE_0}\"\n";
			showEnvVarsInLog = 0;
		};
/* End PBXShellScriptBuildPhase section */

/* Begin PBXSourcesBuildPhase section */
		AC7CBB00201118EE0031C119 /* Sources */ = {
			isa = PBXSourcesBuildPhase;
			buildActionMask = 2147483647;
			files = (
				AC48E8BE20125C1000B1F4D2 /* RoundButton.swift in Sources */,
				AC7CBB0A201118EF0031C119 /* LoginVC.swift in Sources */,
				AC48E8C120126FF000B1F4D2 /* AuthService.swift in Sources */,
				AC7CBB1F20112CD60031C119 /* RoundTextField.swift in Sources */,
				ACF574AB2019073700F76478 /* Constants.swift in Sources */,
				AC73C91D2016873B00C282A0 /* SignUpVC.swift in Sources */,
				AC7CBB08201118EF0031C119 /* AppDelegate.swift in Sources */,
				ACC1D3CC2020CBB6006A044E /* NewsFeedVC.swift in Sources */,
				ACB7CBA6201A4228001E1F61 /* DataService.swift in Sources */,
			);
			runOnlyForDeploymentPostprocessing = 0;
		};
/* End PBXSourcesBuildPhase section */

/* Begin PBXVariantGroup section */
		AC7CBB0B201118EF0031C119 /* Main.storyboard */ = {
			isa = PBXVariantGroup;
			children = (
				AC7CBB0C201118EF0031C119 /* Base */,
			);
			name = Main.storyboard;
			sourceTree = "<group>";
		};
		AC7CBB10201118EF0031C119 /* LaunchScreen.storyboard */ = {
			isa = PBXVariantGroup;
			children = (
				AC7CBB11201118EF0031C119 /* Base */,
			);
			name = LaunchScreen.storyboard;
			sourceTree = "<group>";
		};
/* End PBXVariantGroup section */

/* Begin XCBuildConfiguration section */
		AC7CBB14201118EF0031C119 /* Debug */ = {
			isa = XCBuildConfiguration;
			buildSettings = {
				ALWAYS_SEARCH_USER_PATHS = NO;
				CLANG_ANALYZER_NONNULL = YES;
				CLANG_CXX_LANGUAGE_STANDARD = "gnu++0x";
				CLANG_CXX_LIBRARY = "libc++";
				CLANG_ENABLE_MODULES = YES;
				CLANG_ENABLE_OBJC_ARC = YES;
				CLANG_WARN_BOOL_CONVERSION = YES;
				CLANG_WARN_CONSTANT_CONVERSION = YES;
				CLANG_WARN_DIRECT_OBJC_ISA_USAGE = YES_ERROR;
				CLANG_WARN_DOCUMENTATION_COMMENTS = YES;
				CLANG_WARN_EMPTY_BODY = YES;
				CLANG_WARN_ENUM_CONVERSION = YES;
				CLANG_WARN_INFINITE_RECURSION = YES;
				CLANG_WARN_INT_CONVERSION = YES;
				CLANG_WARN_OBJC_ROOT_CLASS = YES_ERROR;
				CLANG_WARN_SUSPICIOUS_MOVE = YES;
				CLANG_WARN_UNREACHABLE_CODE = YES;
				CLANG_WARN__DUPLICATE_METHOD_MATCH = YES;
				"CODE_SIGN_IDENTITY[sdk=iphoneos*]" = "iPhone Developer";
				COPY_PHASE_STRIP = NO;
				DEBUG_INFORMATION_FORMAT = dwarf;
				ENABLE_STRICT_OBJC_MSGSEND = YES;
				ENABLE_TESTABILITY = YES;
				GCC_C_LANGUAGE_STANDARD = gnu99;
				GCC_DYNAMIC_NO_PIC = NO;
				GCC_NO_COMMON_BLOCKS = YES;
				GCC_OPTIMIZATION_LEVEL = 0;
				GCC_PREPROCESSOR_DEFINITIONS = (
					"DEBUG=1",
					"$(inherited)",
				);
				GCC_WARN_64_TO_32_BIT_CONVERSION = YES;
				GCC_WARN_ABOUT_RETURN_TYPE = YES_ERROR;
				GCC_WARN_UNDECLARED_SELECTOR = YES;
				GCC_WARN_UNINITIALIZED_AUTOS = YES_AGGRESSIVE;
				GCC_WARN_UNUSED_FUNCTION = YES;
				GCC_WARN_UNUSED_VARIABLE = YES;
				IPHONEOS_DEPLOYMENT_TARGET = 10.2;
				MTL_ENABLE_DEBUG_INFO = YES;
				ONLY_ACTIVE_ARCH = YES;
				SDKROOT = iphoneos;
				SWIFT_ACTIVE_COMPILATION_CONDITIONS = DEBUG;
				SWIFT_OPTIMIZATION_LEVEL = "-Onone";
				TARGETED_DEVICE_FAMILY = "1,2";
			};
			name = Debug;
		};
		AC7CBB15201118EF0031C119 /* Release */ = {
			isa = XCBuildConfiguration;
			buildSettings = {
				ALWAYS_SEARCH_USER_PATHS = NO;
				CLANG_ANALYZER_NONNULL = YES;
				CLANG_CXX_LANGUAGE_STANDARD = "gnu++0x";
				CLANG_CXX_LIBRARY = "libc++";
				CLANG_ENABLE_MODULES = YES;
				CLANG_ENABLE_OBJC_ARC = YES;
				CLANG_WARN_BOOL_CONVERSION = YES;
				CLANG_WARN_CONSTANT_CONVERSION = YES;
				CLANG_WARN_DIRECT_OBJC_ISA_USAGE = YES_ERROR;
				CLANG_WARN_DOCUMENTATION_COMMENTS = YES;
				CLANG_WARN_EMPTY_BODY = YES;
				CLANG_WARN_ENUM_CONVERSION = YES;
				CLANG_WARN_INFINITE_RECURSION = YES;
				CLANG_WARN_INT_CONVERSION = YES;
				CLANG_WARN_OBJC_ROOT_CLASS = YES_ERROR;
				CLANG_WARN_SUSPICIOUS_MOVE = YES;
				CLANG_WARN_UNREACHABLE_CODE = YES;
				CLANG_WARN__DUPLICATE_METHOD_MATCH = YES;
				"CODE_SIGN_IDENTITY[sdk=iphoneos*]" = "iPhone Developer";
				COPY_PHASE_STRIP = NO;
				DEBUG_INFORMATION_FORMAT = "dwarf-with-dsym";
				ENABLE_NS_ASSERTIONS = NO;
				ENABLE_STRICT_OBJC_MSGSEND = YES;
				GCC_C_LANGUAGE_STANDARD = gnu99;
				GCC_NO_COMMON_BLOCKS = YES;
				GCC_WARN_64_TO_32_BIT_CONVERSION = YES;
				GCC_WARN_ABOUT_RETURN_TYPE = YES_ERROR;
				GCC_WARN_UNDECLARED_SELECTOR = YES;
				GCC_WARN_UNINITIALIZED_AUTOS = YES_AGGRESSIVE;
				GCC_WARN_UNUSED_FUNCTION = YES;
				GCC_WARN_UNUSED_VARIABLE = YES;
				IPHONEOS_DEPLOYMENT_TARGET = 10.2;
				MTL_ENABLE_DEBUG_INFO = NO;
				SDKROOT = iphoneos;
				SWIFT_OPTIMIZATION_LEVEL = "-Owholemodule";
				TARGETED_DEVICE_FAMILY = "1,2";
				VALIDATE_PRODUCT = YES;
			};
			name = Release;
		};
		AC7CBB17201118EF0031C119 /* Debug */ = {
			isa = XCBuildConfiguration;
			baseConfigurationReference = 98BB229351E8BF4F0BAFBE13 /* Pods-Login.debug.xcconfig */;
			buildSettings = {
				ASSETCATALOG_COMPILER_APPICON_NAME = AppIcon;
				CODE_SIGN_ENTITLEMENTS = Login/Login.entitlements;
				DEVELOPMENT_TEAM = 3T65P76DUE;
				INFOPLIST_FILE = Login/Info.plist;
				LD_RUNPATH_SEARCH_PATHS = "$(inherited) @executable_path/Frameworks";
				PRODUCT_BUNDLE_IDENTIFIER = tutorial.Login;
				PRODUCT_NAME = "$(TARGET_NAME)";
				SWIFT_VERSION = 3.0;
			};
			name = Debug;
		};
		AC7CBB18201118EF0031C119 /* Release */ = {
			isa = XCBuildConfiguration;
			baseConfigurationReference = 1E535DFBC5D0F1E0DFDA5E7A /* Pods-Login.release.xcconfig */;
			buildSettings = {
				ASSETCATALOG_COMPILER_APPICON_NAME = AppIcon;
				CODE_SIGN_ENTITLEMENTS = Login/Login.entitlements;
				DEVELOPMENT_TEAM = 3T65P76DUE;
				INFOPLIST_FILE = Login/Info.plist;
				LD_RUNPATH_SEARCH_PATHS = "$(inherited) @executable_path/Frameworks";
				PRODUCT_BUNDLE_IDENTIFIER = tutorial.Login;
				PRODUCT_NAME = "$(TARGET_NAME)";
				SWIFT_VERSION = 3.0;
			};
			name = Release;
		};
/* End XCBuildConfiguration section */

/* Begin XCConfigurationList section */
		AC7CBAFF201118EE0031C119 /* Build configuration list for PBXProject "Login" */ = {
			isa = XCConfigurationList;
			buildConfigurations = (
				AC7CBB14201118EF0031C119 /* Debug */,
				AC7CBB15201118EF0031C119 /* Release */,
			);
			defaultConfigurationIsVisible = 0;
			defaultConfigurationName = Release;
		};
		AC7CBB16201118EF0031C119 /* Build configuration list for PBXNativeTarget "Login" */ = {
			isa = XCConfigurationList;
			buildConfigurations = (
				AC7CBB17201118EF0031C119 /* Debug */,
				AC7CBB18201118EF0031C119 /* Release */,
			);
			defaultConfigurationIsVisible = 0;
			defaultConfigurationName = Release;
		};
/* End XCConfigurationList section */
	};
	rootObject = AC7CBAFC201118EE0031C119 /* Project object */;
}
